
Microsoft Visual Studio Solution File, Format Version 12.00
# Visual Studio 14
VisualStudioVersion = 14.0.23107.0
MinimumVisualStudioVersion = 10.0.40219.1
Project("{9092AA53-FB77-4645-B42D-1CCCA6BD08BD}") = "server", "server\server.njsproj", "{7B10C690-CC53-4A16-8398-293BB3B46662}"
EndProject
Project("{FAE04EC0-301F-11D3-BF4B-00C04F79EFBC}") = "client", "client\client.csproj", "{DD0BDD08-9757-4CAB-9DCC-F9FF52A0A99C}"
EndProject
Project("{FAE04EC0-301F-11D3-BF4B-00C04F79EFBC}") = "client_ng1", "client_ng1\client_ng1.csproj", "{0342B704-854E-4D7F-8EAF-5C34AF4A77C0}"
EndProject
Project("{2150E333-8FDC-42A3-9474-1A3956D46DE8}") = "Solution Items", "Solution Items", "{6C1147FA-9B7F-43C4-8BC6-60D8C5F705D1}"
	ProjectSection(SolutionItems) = preProject
		gulp.config.js = gulp.config.js
		gulpfile.js = gulpfile.js
		package.json = package.json
	EndProjectSection
EndProject
Project("{9092AA53-FB77-4645-B42D-1CCCA6BD08BD}") = "ExpressApp1", "ExpressApp1\ExpressApp1.njsproj", "{F55253E7-4180-40BF-95E5-4B1FA5AB1990}"
EndProject
Global
	GlobalSection(SolutionConfigurationPlatforms) = preSolution
		Debug|Any CPU = Debug|Any CPU
		Release|Any CPU = Release|Any CPU
	EndGlobalSection
	GlobalSection(ProjectConfigurationPlatforms) = postSolution
		{7B10C690-CC53-4A16-8398-293BB3B46662}.Debug|Any CPU.ActiveCfg = Debug|Any CPU
		{7B10C690-CC53-4A16-8398-293BB3B46662}.Debug|Any CPU.Build.0 = Debug|Any CPU
		{7B10C690-CC53-4A16-8398-293BB3B46662}.Release|Any CPU.ActiveCfg = Release|Any CPU
		{7B10C690-CC53-4A16-8398-293BB3B46662}.Release|Any CPU.Build.0 = Release|Any CPU
		{DD0BDD08-9757-4CAB-9DCC-F9FF52A0A99C}.Debug|Any CPU.ActiveCfg = Debug|Any CPU
		{DD0BDD08-9757-4CAB-9DCC-F9FF52A0A99C}.Debug|Any CPU.Build.0 = Debug|Any CPU
		{DD0BDD08-9757-4CAB-9DCC-F9FF52A0A99C}.Release|Any CPU.ActiveCfg = Release|Any CPU
		{DD0BDD08-9757-4CAB-9DCC-F9FF52A0A99C}.Release|Any CPU.Build.0 = Release|Any CPU
		{0342B704-854E-4D7F-8EAF-5C34AF4A77C0}.Debug|Any CPU.ActiveCfg = Debug|Any CPU
		{0342B704-854E-4D7F-8EAF-5C34AF4A77C0}.Debug|Any CPU.Build.0 = Debug|Any CPU
		{0342B704-854E-4D7F-8EAF-5C34AF4A77C0}.Release|Any CPU.ActiveCfg = Release|Any CPU
		{0342B704-854E-4D7F-8EAF-5C34AF4A77C0}.Release|Any CPU.Build.0 = Release|Any CPU
		{F55253E7-4180-40BF-95E5-4B1FA5AB1990}.Debug|Any CPU.ActiveCfg = Debug|Any CPU
		{F55253E7-4180-40BF-95E5-4B1FA5AB1990}.Debug|Any CPU.Build.0 = Debug|Any CPU
		{F55253E7-4180-40BF-95E5-4B1FA5AB1990}.Release|Any CPU.ActiveCfg = Release|Any CPU
		{F55253E7-4180-40BF-95E5-4B1FA5AB1990}.Release|Any CPU.Build.0 = Release|Any CPU
	EndGlobalSection
	GlobalSection(SolutionProperties) = preSolution
		HideSolutionNode = FALSE
	EndGlobalSection
EndGlobal
